
Microsoft Visual Studio Solution File, Format Version 12.00
# Visual Studio Version 17
VisualStudioVersion = 17.5.002.0
MinimumVisualStudioVersion = 10.0.40219.1
Project("{9A19103F-16F7-4668-BE54-9A1E7A4F7556}") = "IA", "IA.csproj", "{94934E6D-77DB-4455-AAF4-F9D1268CACAD}"
EndProject
Global
	GlobalSection(SolutionConfigurationPlatforms) = preSolution
		Debug|Any CPU = Debug|Any CPU
		Release|Any CPU = Release|Any CPU
	EndGlobalSection
	GlobalSection(ProjectConfigurationPlatforms) = postSolution
		{94934E6D-77DB-4455-AAF4-F9D1268CACAD}.Debug|Any CPU.ActiveCfg = Debug|Any CPU
		{94934E6D-77DB-4455-AAF4-F9D1268CACAD}.Debug|Any CPU.Build.0 = Debug|Any CPU
		{94934E6D-77DB-4455-AAF4-F9D1268CACAD}.Release|Any CPU.ActiveCfg = Release|Any CPU
		{94934E6D-77DB-4455-AAF4-F9D1268CACAD}.Release|Any CPU.Build.0 = Release|Any CPU
	EndGlobalSection
	GlobalSection(SolutionProperties) = preSolution
		HideSolutionNode = FALSE
	EndGlobalSection
	GlobalSection(ExtensibilityGlobals) = postSolution
		SolutionGuid = {D9D6A1C3-7491-4501-A0C3-D1135CD4E66E}
	EndGlobalSection
EndGlobal
