
Microsoft Visual Studio Solution File, Format Version 12.00
# Visual Studio Version 17
VisualStudioVersion = 17.5.002.0
MinimumVisualStudioVersion = 10.0.40219.1
Project("{9A19103F-16F7-4668-BE54-9A1E7A4F7556}") = "CSharp", "CSharp.csproj", "{69119F5A-A84A-4392-A814-6479193C27C3}"
EndProject
Global
	GlobalSection(SolutionConfigurationPlatforms) = preSolution
		Debug|Any CPU = Debug|Any CPU
		Release|Any CPU = Release|Any CPU
	EndGlobalSection
	GlobalSection(ProjectConfigurationPlatforms) = postSolution
		{69119F5A-A84A-4392-A814-6479193C27C3}.Debug|Any CPU.ActiveCfg = Debug|Any CPU
		{69119F5A-A84A-4392-A814-6479193C27C3}.Debug|Any CPU.Build.0 = Debug|Any CPU
		{69119F5A-A84A-4392-A814-6479193C27C3}.Release|Any CPU.ActiveCfg = Release|Any CPU
		{69119F5A-A84A-4392-A814-6479193C27C3}.Release|Any CPU.Build.0 = Release|Any CPU
	EndGlobalSection
	GlobalSection(SolutionProperties) = preSolution
		HideSolutionNode = FALSE
	EndGlobalSection
	GlobalSection(ExtensibilityGlobals) = postSolution
		SolutionGuid = {CC220135-E213-4117-A945-5BC2A896251E}
	EndGlobalSection
EndGlobal
