
Microsoft Visual Studio Solution File, Format Version 12.00
# Visual Studio Version 17
VisualStudioVersion = 17.5.002.0
MinimumVisualStudioVersion = 10.0.40219.1
Project("{9A19103F-16F7-4668-BE54-9A1E7A4F7556}") = "Prova", "Prova.csproj", "{B7184F18-760E-45C7-88FE-18DC52EBEF72}"
EndProject
Global
	GlobalSection(SolutionConfigurationPlatforms) = preSolution
		Debug|Any CPU = Debug|Any CPU
		Release|Any CPU = Release|Any CPU
	EndGlobalSection
	GlobalSection(ProjectConfigurationPlatforms) = postSolution
		{B7184F18-760E-45C7-88FE-18DC52EBEF72}.Debug|Any CPU.ActiveCfg = Debug|Any CPU
		{B7184F18-760E-45C7-88FE-18DC52EBEF72}.Debug|Any CPU.Build.0 = Debug|Any CPU
		{B7184F18-760E-45C7-88FE-18DC52EBEF72}.Release|Any CPU.ActiveCfg = Release|Any CPU
		{B7184F18-760E-45C7-88FE-18DC52EBEF72}.Release|Any CPU.Build.0 = Release|Any CPU
	EndGlobalSection
	GlobalSection(SolutionProperties) = preSolution
		HideSolutionNode = FALSE
	EndGlobalSection
	GlobalSection(ExtensibilityGlobals) = postSolution
		SolutionGuid = {F31925B8-ED71-4766-8AF1-58AE31AB8D56}
	EndGlobalSection
EndGlobal
